// !$*UTF8*$!
{
	archiveVersion = 1;
	classes = {
	};
	objectVersion = 56;
	objects = {

/* Begin PBXBuildFile section */
		BF0000000000000000000001 /* iosAppApp.swift in Sources */ = {isa = PBXBuildFile; fileRef = FR0000000000000000000001 /* iosAppApp.swift */; };
		BF0000000000000000000002 /* ContentView.swift in Sources */ = {isa = PBXBuildFile; fileRef = FR0000000000000000000002 /* ContentView.swift */; };
		BF0000000000000000000003 /* Models.swift in Sources */ = {isa = PBXBuildFile; fileRef = FR0000000000000000000003 /* Models.swift */; };
		BF0000000000000000000004 /* LoginView.swift in Sources */ = {isa = PBXBuildFile; fileRef = FR0000000000000000000004 /* LoginView.swift */; };
		BF0000000000000000000005 /* HomeView.swift in Sources */ = {isa = PBXBuildFile; fileRef = FR0000000000000000000005 /* HomeView.swift */; };
		BF0000000000000000000006 /* UnitsView.swift in Sources */ = {isa = PBXBuildFile; fileRef = FR0000000000000000000006 /* UnitsView.swift */; };
		BF0000000000000000000007 /* OccurrencesView.swift in Sources */ = {isa = PBXBuildFile; fileRef = FR0000000000000000000007 /* OccurrencesView.swift */; };
		BF0000000000000000000008 /* FinanceView.swift in Sources */ = {isa = PBXBuildFile; fileRef = FR0000000000000000000008 /* FinanceView.swift */; };
		BF0000000000000000000009 /* AgreementsView.swift in Sources */ = {isa = PBXBuildFile; fileRef = FR0000000000000000000009 /* AgreementsView.swift */; };
		BF0000000000000000000010 /* LawsuitsView.swift in Sources */ = {isa = PBXBuildFile; fileRef = FR0000000000000000000010 /* LawsuitsView.swift */; };
		BF0000000000000000000011 /* ElevatorsView.swift in Sources */ = {isa = PBXBuildFile; fileRef = FR0000000000000000000011 /* ElevatorsView.swift */; };
		BF0000000000000000000012 /* ContractsView.swift in Sources */ = {isa = PBXBuildFile; fileRef = FR0000000000000000000012 /* ContractsView.swift */; };
		BF0000000000000000000013 /* OvertimeView.swift in Sources */ = {isa = PBXBuildFile; fileRef = FR0000000000000000000013 /* OvertimeView.swift */; };
		BF0000000000000000000014 /* ReportsView.swift in Sources */ = {isa = PBXBuildFile; fileRef = FR0000000000000000000014 /* ReportsView.swift */; };
		BF0000000000000000000015 /* SettingsView.swift in Sources */ = {isa = PBXBuildFile; fileRef = FR0000000000000000000015 /* SettingsView.swift */; };
		BF0000000000000000000016 /* Assets.xcassets in Resources */ = {isa = PBXBuildFile; fileRef = FR0000000000000000000016 /* Assets.xcassets */; };
/* End PBXBuildFile section */

/* Begin PBXFileReference section */
		FR0000000000000000000001 /* iosAppApp.swift */ = {isa = PBXFileReference; lastKnownFileType = sourcecode.swift; path = iosAppApp.swift; sourceTree = "<group>"; };
		FR0000000000000000000002 /* ContentView.swift */ = {isa = PBXFileReference; lastKnownFileType = sourcecode.swift; path = ContentView.swift; sourceTree = "<group>"; };
		FR0000000000000000000003 /* Models.swift */ = {isa = PBXFileReference; lastKnownFileType = sourcecode.swift; path = Models.swift; sourceTree = "<group>"; };
		FR0000000000000000000004 /* LoginView.swift */ = {isa = PBXFileReference; lastKnownFileType = sourcecode.swift; path = LoginView.swift; sourceTree = "<group>"; };
		FR0000000000000000000005 /* HomeView.swift */ = {isa = PBXFileReference; lastKnownFileType = sourcecode.swift; path = HomeView.swift; sourceTree = "<group>"; };
		FR0000000000000000000006 /* UnitsView.swift */ = {isa = PBXFileReference; lastKnownFileType = sourcecode.swift; path = UnitsView.swift; sourceTree = "<group>"; };
		FR0000000000000000000007 /* OccurrencesView.swift */ = {isa = PBXFileReference; lastKnownFileType = sourcecode.swift; path = OccurrencesView.swift; sourceTree = "<group>"; };
		FR0000000000000000000008 /* FinanceView.swift */ = {isa = PBXFileReference; lastKnownFileType = sourcecode.swift; path = FinanceView.swift; sourceTree = "<group>"; };
		FR0000000000000000000009 /* AgreementsView.swift */ = {isa = PBXFileReference; lastKnownFileType = sourcecode.swift; path = AgreementsView.swift; sourceTree = "<group>"; };
		FR0000000000000000000010 /* LawsuitsView.swift */ = {isa = PBXFileReference; lastKnownFileType = sourcecode.swift; path = LawsuitsView.swift; sourceTree = "<group>"; };
		FR0000000000000000000011 /* ElevatorsView.swift */ = {isa = PBXFileReference; lastKnownFileType = sourcecode.swift; path = ElevatorsView.swift; sourceTree = "<group>"; };
		FR0000000000000000000012 /* ContractsView.swift */ = {isa = PBXFileReference; lastKnownFileType = sourcecode.swift; path = ContractsView.swift; sourceTree = "<group>"; };
		FR0000000000000000000013 /* OvertimeView.swift */ = {isa = PBXFileReference; lastKnownFileType = sourcecode.swift; path = OvertimeView.swift; sourceTree = "<group>"; };
		FR0000000000000000000014 /* ReportsView.swift */ = {isa = PBXFileReference; lastKnownFileType = sourcecode.swift; path = ReportsView.swift; sourceTree = "<group>"; };
		FR0000000000000000000015 /* SettingsView.swift */ = {isa = PBXFileReference; lastKnownFileType = sourcecode.swift; path = SettingsView.swift; sourceTree = "<group>"; };
		FR0000000000000000000016 /* Assets.xcassets */ = {isa = PBXFileReference; lastKnownFileType = folder.assetcatalog; path = Assets.xcassets; sourceTree = "<group>"; };
		FR0000000000000000000017 /* Info.plist */ = {isa = PBXFileReference; lastKnownFileType = text.plist.xml; path = Info.plist; sourceTree = "<group>"; };
		FR0000000000000000000099 /* iosApp.app */ = {isa = PBXFileReference; explicitFileType = wrapper.application; includeInIndex = 0; path = iosApp.app; sourceTree = BUILT_PRODUCTS_DIR; };
/* End PBXFileReference section */

/* Begin PBXFrameworksBuildPhase section */
		PH0000000000000000000002 /* Frameworks */ = {
			isa = PBXFrameworksBuildPhase;
			buildActionMask = 2147483647;
			files = (
			);
			runOnlyForDeploymentPostprocessing = 0;
		};
/* End PBXFrameworksBuildPhase section */

/* Begin PBXGroup section */
		GR0000000000000000000001 = {
			isa = PBXGroup;
			children = (
				GR0000000000000000000002 /* iosApp */,
				GR0000000000000000000005 /* Products */,
			);
			sourceTree = "<group>";
		};
		GR0000000000000000000002 /* iosApp */ = {
			isa = PBXGroup;
			children = (
				FR0000000000000000000001 /* iosAppApp.swift */,
				FR0000000000000000000002 /* ContentView.swift */,
				GR0000000000000000000003 /* Models */,
				GR0000000000000000000004 /* Views */,
				FR0000000000000000000016 /* Assets.xcassets */,
				FR0000000000000000000017 /* Info.plist */,
			);
			path = iosApp;
			sourceTree = "<group>";
		};
		GR0000000000000000000003 /* Models */ = {
			isa = PBXGroup;
			children = (
				FR0000000000000000000003 /* Models.swift */,
			);
			path = Models;
			sourceTree = "<group>";
		};
		GR0000000000000000000004 /* Views */ = {
			isa = PBXGroup;
			children = (
				FR0000000000000000000004 /* LoginView.swift */,
				FR0000000000000000000005 /* HomeView.swift */,
				FR0000000000000000000006 /* UnitsView.swift */,
				FR0000000000000000000007 /* OccurrencesView.swift */,
				FR0000000000000000000008 /* FinanceView.swift */,
				FR0000000000000000000009 /* AgreementsView.swift */,
				FR0000000000000000000010 /* LawsuitsView.swift */,
				FR0000000000000000000011 /* ElevatorsView.swift */,
				FR0000000000000000000012 /* ContractsView.swift */,
				FR0000000000000000000013 /* OvertimeView.swift */,
				FR0000000000000000000014 /* ReportsView.swift */,
				FR0000000000000000000015 /* SettingsView.swift */,
			);
			path = Views;
			sourceTree = "<group>";
		};
		GR0000000000000000000005 /* Products */ = {
			isa = PBXGroup;
			children = (
				FR0000000000000000000099 /* iosApp.app */,
			);
			name = Products;
			sourceTree = "<group>";
		};
/* End PBXGroup section */

/* Begin PBXNativeTarget section */
		TG0000000000000000000001 /* iosApp */ = {
			isa = PBXNativeTarget;
			buildConfigurationList = CL0000000000000000000001 /* Build configuration list for PBXNativeTarget "iosApp" */;
			buildPhases = (
				PH0000000000000000000001 /* Sources */,
				PH0000000000000000000002 /* Frameworks */,
				PH0000000000000000000003 /* Resources */,
			);
			buildRules = (
			);
			dependencies = (
			);
			name = iosApp;
			productName = iosApp;
			productReference = FR0000000000000000000099 /* iosApp.app */;
			productType = "com.apple.product-type.application";
		};
/* End PBXNativeTarget section */

/* Begin PBXProject section */
		PR0000000000000000000001 /* Project object */ = {
			isa = PBXProject;
			attributes = {
				BuildIndependentTargetsInParallel = 1;
				LastSwiftUpdateCheck = 1420;
				LastUpgradeCheck = 1420;
				TargetAttributes = {
					TG0000000000000000000001 = {
						CreatedOnToolsVersion = 14.2;
					};
				};
			};
			buildConfigurationList = CL0000000000000000000002 /* Build configuration list for PBXProject "iosApp" */;
			compatibilityVersion = "Xcode 14.0";
			developmentRegion = en;
			hasScannedForEncodings = 0;
			knownRegions = (
				en,
				Base,
			);
			mainGroup = GR0000000000000000000001;
			productRefGroup = GR0000000000000000000005 /* Products */;
			projectDirPath = "";
			projectRoot = "";
			targets = (
				TG0000000000000000000001 /* iosApp */,
			);
		};
/* End PBXProject section */

/* Begin PBXResourcesBuildPhase section */
		PH0000000000000000000003 /* Resources */ = {
			isa = PBXResourcesBuildPhase;
			buildActionMask = 2147483647;
			files = (
				BF0000000000000000000016 /* Assets.xcassets in Resources */,
			);
			runOnlyForDeploymentPostprocessing = 0;
		};
/* End PBXResourcesBuildPhase section */



/* Begin PBXSourcesBuildPhase section */
		PH0000000000000000000001 /* Sources */ = {
			isa = PBXSourcesBuildPhase;
			buildActionMask = 2147483647;
			files = (
				BF0000000000000000000001 /* iosAppApp.swift in Sources */,
				BF0000000000000000000002 /* ContentView.swift in Sources */,
				BF0000000000000000000003 /* Models.swift in Sources */,
				BF0000000000000000000004 /* LoginView.swift in Sources */,
				BF0000000000000000000005 /* HomeView.swift in Sources */,
				BF0000000000000000000006 /* UnitsView.swift in Sources */,
				BF0000000000000000000007 /* OccurrencesView.swift in Sources */,
				BF0000000000000000000008 /* FinanceView.swift in Sources */,
				BF0000000000000000000009 /* AgreementsView.swift in Sources */,
				BF0000000000000000000010 /* LawsuitsView.swift in Sources */,
				BF0000000000000000000011 /* ElevatorsView.swift in Sources */,
				BF0000000000000000000012 /* ContractsView.swift in Sources */,
				BF0000000000000000000013 /* OvertimeView.swift in Sources */,
				BF0000000000000000000014 /* ReportsView.swift in Sources */,
				BF0000000000000000000015 /* SettingsView.swift in Sources */,
			);
			runOnlyForDeploymentPostprocessing = 0;
		};
/* End PBXSourcesBuildPhase section */

/* Begin XCBuildConfiguration section */
		CF0000000000000000000001 /* Debug */ = {
			isa = XCBuildConfiguration;
			buildSettings = {
				ASSETCATALOG_COMPILER_APPICON_NAME = AppIcon;
				ASSETCATALOG_COMPILER_GLOBAL_ACCENT_COLOR_NAME = AccentColor;
				CODE_SIGNING_ALLOWED = NO;
				CODE_SIGNING_REQUIRED = NO;
				CODE_SIGN_IDENTITY = "";
				DEVELOPMENT_TEAM = "";
				ENABLE_PREVIEWS = YES;
				GENERATE_INFOPLIST_FILE = NO;
				INFOPLIST_FILE = iosApp/Info.plist;
				IPHONEOS_DEPLOYMENT_TARGET = 16.0;
				LD_RUNPATH_SEARCH_PATHS = (
					"$(inherited)",
					"@executable_path/Frameworks",
				);
				PRODUCT_BUNDLE_IDENTIFIER = com.example.condsuites.iosApp;
				PRODUCT_NAME = "$(TARGET_NAME)";
				SDKROOT = iphoneos;
				SWIFT_COMPILATION_MODE = wholemodule;
				SWIFT_VERSION = 5.0;
				TARGETED_DEVICE_FAMILY = "1";
			};
			name = Debug;
		};
		CF0000000000000000000002 /* Release */ = {
			isa = XCBuildConfiguration;
			buildSettings = {
				ASSETCATALOG_COMPILER_APPICON_NAME = AppIcon;
				ASSETCATALOG_COMPILER_GLOBAL_ACCENT_COLOR_NAME = AccentColor;
				CODE_SIGNING_ALLOWED = NO;
				CODE_SIGNING_REQUIRED = NO;
				CODE_SIGN_IDENTITY = "";
				DEVELOPMENT_TEAM = "";
				ENABLE_PREVIEWS = YES;
				GENERATE_INFOPLIST_FILE = NO;
				INFOPLIST_FILE = iosApp/Info.plist;
				IPHONEOS_DEPLOYMENT_TARGET = 16.0;
				LD_RUNPATH_SEARCH_PATHS = (
					"$(inherited)",
					"@executable_path/Frameworks",
				);
				PRODUCT_BUNDLE_IDENTIFIER = com.example.condsuites.iosApp;
				PRODUCT_NAME = "$(TARGET_NAME)";
				SDKROOT = iphoneos;
				SWIFT_COMPILATION_MODE = wholemodule;
				SWIFT_VERSION = 5.0;
				TARGETED_DEVICE_FAMILY = "1";
			};
			name = Release;
		};
		CF0000000000000000000003 /* Debug */ = {
			isa = XCBuildConfiguration;
			buildSettings = {
				ALWAYS_SEARCH_USER_PATHS = NO;
				CLANG_ANALYZER_NONNULL = YES;
				CLANG_ANALYZER_NUMBER_OBJECT_CONVERSION = YES_AGGRESSIVE;
				CLANG_CXX_LANGUAGE_STANDARD = "gnu++20";
				CLANG_ENABLE_MODULES = YES;
				CLANG_ENABLE_OBJC_ARC = YES;
				CLANG_WARN_BOOL_CONVERSION = YES;
				CLANG_WARN_CONSTANT_CONVERSION = YES;
				CLANG_WARN_DIRECT_OBJC_ISA_USAGE = YES_ERROR;
				CLANG_WARN_EMPTY_BODY = YES;
				CLANG_WARN_ENUM_CONVERSION = YES;
				CLANG_WARN_INT_CONVERSION = YES;
				CLANG_WARN_OBJC_ROOT_CLASS = YES_ERROR;
				CLANG_WARN_UNREACHABLE_CODE = YES;
				COPY_PHASE_STRIP = NO;
				DEBUG_INFORMATION_FORMAT = dwarf;
				ENABLE_STRICT_OBJC_PROTOTHERREADS = YES;
				ENABLE_TESTABILITY = YES;
				GCC_C_LANGUAGE_STANDARD = gnu11;
				GCC_DYNAMIC_NO_PIC = NO;
				GCC_NO_COMMON_BLOCKS = YES;
				GCC_OPTIMIZATION_LEVEL = 0;
				GCC_PREPROCESSOR_DEFINITIONS = (
					"DEBUG=1",
					"$(inherited)",
				);
				GCC_WARN_64_TO_32_BIT_CONVERSION = YES;
				GCC_WARN_ABOUT_RETURN_TYPE = YES_ERROR;
				GCC_WARN_UNDECLARED_SELECTOR = YES;
				GCC_WARN_UNINITIALIZED_AUTOS = YES_AGGRESSIVE;
				GCC_WARN_UNUSED_FUNCTION = YES;
				GCC_WARN_UNUSED_VARIABLE = YES;
				IPHONEOS_DEPLOYMENT_TARGET = 16.0;
				MTL_ENABLE_DEBUG_INFO = INCLUDE_SOURCE;
				MTL_FAST_MATH = YES;
				ONLY_ACTIVE_ARCH = YES;
				SDKROOT = iphoneos;
				SWIFT_ACTIVE_COMPILATION_CONDITIONS = DEBUG;
				SWIFT_OPTIMIZATION_LEVEL = "-Onone";
			};
			name = Debug;
		};
		CF0000000000000000000004 /* Release */ = {
			isa = XCBuildConfiguration;
			buildSettings = {
				ALWAYS_SEARCH_USER_PATHS = NO;
				CLANG_ANALYZER_NONNULL = YES;
				CLANG_ANALYZER_NUMBER_OBJECT_CONVERSION = YES_AGGRESSIVE;
				CLANG_CXX_LANGUAGE_STANDARD = "gnu++20";
				CLANG_ENABLE_MODULES = YES;
				CLANG_ENABLE_OBJC_ARC = YES;
				CLANG_WARN_BOOL_CONVERSION = YES;
				CLANG_WARN_CONSTANT_CONVERSION = YES;
				CLANG_WARN_DIRECT_OBJC_ISA_USAGE = YES_ERROR;
				CLANG_WARN_EMPTY_BODY = YES;
				CLANG_WARN_ENUM_CONVERSION = YES;
				CLANG_WARN_INT_CONVERSION = YES;
				CLANG_WARN_OBJC_ROOT_CLASS = YES_ERROR;
				CLANG_WARN_UNREACHABLE_CODE = YES;
				COPY_PHASE_STRIP = NO;
				DEBUG_INFORMATION_FORMAT = "dwarf-with-dsym";
				ENABLE_NS_ASSERTIONS = NO;
				ENABLE_STRICT_OBJC_PROTOTHERREADS = YES;
				GCC_C_LANGUAGE_STANDARD = gnu11;
				GCC_NO_COMMON_BLOCKS = YES;
				GCC_WARN_64_TO_32_BIT_CONVERSION = YES;
				GCC_WARN_ABOUT_RETURN_TYPE = YES_ERROR;
				GCC_WARN_UNDECLARED_SELECTOR = YES;
				GCC_WARN_UNINITIALIZED_AUTOS = YES_AGGRESSIVE;
				GCC_WARN_UNUSED_FUNCTION = YES;
				GCC_WARN_UNUSED_VARIABLE = YES;
				IPHONEOS_DEPLOYMENT_TARGET = 16.0;
				MTL_FAST_MATH = YES;
				SDKROOT = iphoneos;
				SWIFT_COMPILATION_MODE = wholemodule;
				SWIFT_OPTIMIZATION_LEVEL = "-O";
				VALIDATE_PRODUCT = YES;
			};
			name = Release;
		};
/* End XCBuildConfiguration section */

/* Begin XCConfigurationList section */
		CL0000000000000000000001 /* Build configuration list for PBXNativeTarget "iosApp" */ = {
			isa = XCConfigurationList;
			buildConfigurations = (
				CF0000000000000000000001 /* Debug */,
				CF0000000000000000000002 /* Release */,
			);
			defaultConfigurationIsVisible = 0;
			defaultConfigurationName = Release;
		};
		CL0000000000000000000002 /* Build configuration list for PBXProject "iosApp" */ = {
			isa = XCConfigurationList;
			buildConfigurations = (
				CF0000000000000000000003 /* Debug */,
				CF0000000000000000000004 /* Release */,
			);
			defaultConfigurationIsVisible = 0;
			defaultConfigurationName = Release;
		};
/* End XCConfigurationList section */
	};
	rootObject = PR0000000000000000000001 /* Project object */;
}
